
Microsoft Visual Studio Solution File, Format Version 12.00
# Visual Studio Version 17
VisualStudioVersion = 17.12.35506.116 d17.12
MinimumVisualStudioVersion = 10.0.40219.1
Project("{FAE04EC0-301F-11D3-BF4B-00C04F79EFBC}") = "perrosPaseo.Android", "perrosPaseo\perrosPaseo.Android\perrosPaseo.Android.csproj", "{62C0C9FF-431D-452F-97F2-9843CF953FE7}"
EndProject
Project("{FAE04EC0-301F-11D3-BF4B-00C04F79EFBC}") = "perrosPaseo.iOS", "perrosPaseo\perrosPaseo.iOS\perrosPaseo.iOS.csproj", "{B1C7EA0F-8C3F-4F0D-BF1D-C36BB750C628}"
EndProject
Project("{FAE04EC0-301F-11D3-BF4B-00C04F79EFBC}") = "perrosPaseo", "perrosPaseo\perrosPaseo\perrosPaseo.csproj", "{A86A88C2-4392-45EE-A670-5D0C381FC9D2}"
EndProject
Global
	GlobalSection(SolutionConfigurationPlatforms) = preSolution
		Debug|Any CPU = Debug|Any CPU
		Release|Any CPU = Release|Any CPU
	EndGlobalSection
	GlobalSection(ProjectConfigurationPlatforms) = postSolution
		{62C0C9FF-431D-452F-97F2-9843CF953FE7}.Debug|Any CPU.ActiveCfg = Debug|Any CPU
		{62C0C9FF-431D-452F-97F2-9843CF953FE7}.Debug|Any CPU.Build.0 = Debug|Any CPU
		{62C0C9FF-431D-452F-97F2-9843CF953FE7}.Debug|Any CPU.Deploy.0 = Debug|Any CPU
		{62C0C9FF-431D-452F-97F2-9843CF953FE7}.Release|Any CPU.ActiveCfg = Release|Any CPU
		{62C0C9FF-431D-452F-97F2-9843CF953FE7}.Release|Any CPU.Build.0 = Release|Any CPU
		{62C0C9FF-431D-452F-97F2-9843CF953FE7}.Release|Any CPU.Deploy.0 = Release|Any CPU
		{B1C7EA0F-8C3F-4F0D-BF1D-C36BB750C628}.Debug|Any CPU.ActiveCfg = Debug|iPhone
		{B1C7EA0F-8C3F-4F0D-BF1D-C36BB750C628}.Debug|Any CPU.Build.0 = Debug|iPhone
		{B1C7EA0F-8C3F-4F0D-BF1D-C36BB750C628}.Debug|Any CPU.Deploy.0 = Debug|iPhone
		{B1C7EA0F-8C3F-4F0D-BF1D-C36BB750C628}.Release|Any CPU.ActiveCfg = Release|iPhoneSimulator
		{B1C7EA0F-8C3F-4F0D-BF1D-C36BB750C628}.Release|Any CPU.Build.0 = Release|iPhoneSimulator
		{B1C7EA0F-8C3F-4F0D-BF1D-C36BB750C628}.Release|Any CPU.Deploy.0 = Release|iPhoneSimulator
		{A86A88C2-4392-45EE-A670-5D0C381FC9D2}.Debug|Any CPU.ActiveCfg = Debug|Any CPU
		{A86A88C2-4392-45EE-A670-5D0C381FC9D2}.Debug|Any CPU.Build.0 = Debug|Any CPU
		{A86A88C2-4392-45EE-A670-5D0C381FC9D2}.Debug|Any CPU.Deploy.0 = Debug|Any CPU
		{A86A88C2-4392-45EE-A670-5D0C381FC9D2}.Release|Any CPU.ActiveCfg = Release|Any CPU
		{A86A88C2-4392-45EE-A670-5D0C381FC9D2}.Release|Any CPU.Build.0 = Release|Any CPU
		{A86A88C2-4392-45EE-A670-5D0C381FC9D2}.Release|Any CPU.Deploy.0 = Release|Any CPU
	EndGlobalSection
	GlobalSection(SolutionProperties) = preSolution
		HideSolutionNode = FALSE
	EndGlobalSection
EndGlobal
